
Microsoft Visual Studio Solution File, Format Version 12.00
# Visual Studio Version 17
VisualStudioVersion = 17.7.34031.279
MinimumVisualStudioVersion = 10.0.40219.1
Project("{FAE04EC0-301F-11D3-BF4B-00C04F79EFBC}") = "Pong", "Pong\Pong.csproj", "{3E640597-A00A-4C00-8C2A-ED8A16ABB3BE}"
EndProject
Global
	GlobalSection(SolutionConfigurationPlatforms) = preSolution
		Debug|Any CPU = Debug|Any CPU
		Release|Any CPU = Release|Any CPU
	EndGlobalSection
	GlobalSection(ProjectConfigurationPlatforms) = postSolution
		{3E640597-A00A-4C00-8C2A-ED8A16ABB3BE}.Debug|Any CPU.ActiveCfg = Debug|Any CPU
		{3E640597-A00A-4C00-8C2A-ED8A16ABB3BE}.Debug|Any CPU.Build.0 = Debug|Any CPU
		{3E640597-A00A-4C00-8C2A-ED8A16ABB3BE}.Release|Any CPU.ActiveCfg = Release|Any CPU
		{3E640597-A00A-4C00-8C2A-ED8A16ABB3BE}.Release|Any CPU.Build.0 = Release|Any CPU
	EndGlobalSection
	GlobalSection(SolutionProperties) = preSolution
		HideSolutionNode = FALSE
	EndGlobalSection
	GlobalSection(ExtensibilityGlobals) = postSolution
		SolutionGuid = {AA61D46E-181D-4ECF-A5B1-4EA1D85E634C}
	EndGlobalSection
EndGlobal
